
Microsoft Visual Studio Solution File, Format Version 12.00
# Visual Studio Version 17
VisualStudioVersion = 17.2.32616.157
MinimumVisualStudioVersion = 10.0.40219.1
Project("{9A19103F-16F7-4668-BE54-9A1E7A4F7556}") = "CommandLineAdvancedDemo", "CommandLineAdvancedDemo\CommandLineAdvancedDemo.csproj", "{3D7156EA-1728-4006-8682-DC2166E507CD}"
EndProject
Project("{9A19103F-16F7-4668-BE54-9A1E7A4F7556}") = "CommandLineDemo", "CommandLineDemo\CommandLineDemo.csproj", "{B2F795E0-D6D8-40B5-86CF-8910B656705A}"
EndProject
Project("{9A19103F-16F7-4668-BE54-9A1E7A4F7556}") = "CommandLineDemoCore", "CommandLineDemoCore\CommandLineDemoCore.csproj", "{FF5A2954-7EEE-4B86-B71B-47141DEEB236}"
EndProject
Project("{2150E333-8FDC-42A3-9474-1A3956D46DE8}") = "Solution Items", "Solution Items", "{BF8A8A33-96B7-4E13-81BB-8C6849F96E24}"
	ProjectSection(SolutionItems) = preProject
		.gitignore = .gitignore
		README.md = README.md
	EndProjectSection
EndProject
Global
	GlobalSection(SolutionConfigurationPlatforms) = preSolution
		Debug|Any CPU = Debug|Any CPU
		Release|Any CPU = Release|Any CPU
	EndGlobalSection
	GlobalSection(ProjectConfigurationPlatforms) = postSolution
		{3D7156EA-1728-4006-8682-DC2166E507CD}.Debug|Any CPU.ActiveCfg = Debug|Any CPU
		{3D7156EA-1728-4006-8682-DC2166E507CD}.Debug|Any CPU.Build.0 = Debug|Any CPU
		{3D7156EA-1728-4006-8682-DC2166E507CD}.Release|Any CPU.ActiveCfg = Release|Any CPU
		{3D7156EA-1728-4006-8682-DC2166E507CD}.Release|Any CPU.Build.0 = Release|Any CPU
		{B2F795E0-D6D8-40B5-86CF-8910B656705A}.Debug|Any CPU.ActiveCfg = Debug|Any CPU
		{B2F795E0-D6D8-40B5-86CF-8910B656705A}.Debug|Any CPU.Build.0 = Debug|Any CPU
		{B2F795E0-D6D8-40B5-86CF-8910B656705A}.Release|Any CPU.ActiveCfg = Release|Any CPU
		{B2F795E0-D6D8-40B5-86CF-8910B656705A}.Release|Any CPU.Build.0 = Release|Any CPU
		{FF5A2954-7EEE-4B86-B71B-47141DEEB236}.Debug|Any CPU.ActiveCfg = Debug|Any CPU
		{FF5A2954-7EEE-4B86-B71B-47141DEEB236}.Debug|Any CPU.Build.0 = Debug|Any CPU
		{FF5A2954-7EEE-4B86-B71B-47141DEEB236}.Release|Any CPU.ActiveCfg = Release|Any CPU
		{FF5A2954-7EEE-4B86-B71B-47141DEEB236}.Release|Any CPU.Build.0 = Release|Any CPU
	EndGlobalSection
	GlobalSection(SolutionProperties) = preSolution
		HideSolutionNode = FALSE
	EndGlobalSection
	GlobalSection(ExtensibilityGlobals) = postSolution
		SolutionGuid = {954EC046-B997-4CE0-BB1A-210429E7D9B0}
	EndGlobalSection
EndGlobal
